hash: 05f73725f3820e1844d7bfb792b2e8646300c9b0bf24ad4d639d2ff83fed69ee
updated: 2016-07-21T21:20:39.192189696-06:00
imports:
- name: github.com/cloudfoundry/lager
  version: 62951a8009ab331bb21dc418074fa54e66eb9b6a
- name: github.com/onsi/ginkgo
  version: eec95c97c201fc8a827acb31881847fc2aecdc5c
- name: github.com/onsi/gomega
  version: eec95c97c201fc8a827acb31881847fc2aecdc5c
- name: github.com/pivotal-golang/lager
  version: 7639e31ce6622c55c15aa64144b85d5f4873d127
devImports: []
